
Microsoft Visual Studio Solution File, Format Version 12.00
# Visual Studio Version 17
VisualStudioVersion = 17.1.32228.430
MinimumVisualStudioVersion = 10.0.40219.1
Project("{FAE04EC0-301F-11D3-BF4B-00C04F79EFBC}") = "IPTV", "IPTV\IPTV.csproj", "{C804CE8A-44D1-4C56-B302-45CE2D7225C1}"
EndProject
Global
	GlobalSection(SolutionConfigurationPlatforms) = preSolution
		Debug|Any CPU = Debug|Any CPU
		Release|Any CPU = Release|Any CPU
	EndGlobalSection
	GlobalSection(ProjectConfigurationPlatforms) = postSolution
		{C804CE8A-44D1-4C56-B302-45CE2D7225C1}.Debug|Any CPU.ActiveCfg = Debug|Any CPU
		{C804CE8A-44D1-4C56-B302-45CE2D7225C1}.Debug|Any CPU.Build.0 = Debug|Any CPU
		{C804CE8A-44D1-4C56-B302-45CE2D7225C1}.Release|Any CPU.ActiveCfg = Release|Any CPU
		{C804CE8A-44D1-4C56-B302-45CE2D7225C1}.Release|Any CPU.Build.0 = Release|Any CPU
	EndGlobalSection
	GlobalSection(SolutionProperties) = preSolution
		HideSolutionNode = FALSE
	EndGlobalSection
	GlobalSection(ExtensibilityGlobals) = postSolution
		SolutionGuid = {D8791303-FB0E-4E6C-BDAC-C8BFFCE8FDFD}
	EndGlobalSection
EndGlobal
